
Microsoft Visual Studio Solution File, Format Version 12.00
# Visual Studio Version 16
Project("{2150E333-8FDC-42A3-9474-1A3956D46DE8}") = "CMakePredefinedTargets", "CMakePredefinedTargets", "{BFEB3FAB-970A-3DD9-96EC-549E8E37F998}"
EndProject
Project("{2150E333-8FDC-42A3-9474-1A3956D46DE8}") = "dependencies", "dependencies", "{4115FC65-3D50-3DEF-962D-3B38C9B7F331}"
EndProject
Project("{8BC9CEB8-8B4A-11D0-8D11-00A0C91BC942}") = "ALL_BUILD", "ALL_BUILD.vcxproj", "{E83CE857-57CC-3047-8B44-8330E9164931}"
	ProjectSection(ProjectDependencies) = postProject
		{F92D931B-7109-38FF-B82F-A20698117D00} = {F92D931B-7109-38FF-B82F-A20698117D00}
		{65B7E1BB-1A8F-3CBE-BB7F-E80CFE7BB7CF} = {65B7E1BB-1A8F-3CBE-BB7F-E80CFE7BB7CF}
		{D9552CCE-E958-3B35-BDBF-468F19E1440F} = {D9552CCE-E958-3B35-BDBF-468F19E1440F}
		{4B130627-9C63-3706-9527-715B93DA63AB} = {4B130627-9C63-3706-9527-715B93DA63AB}
		{FEF83348-0872-3F46-9880-0724C42F31A8} = {FEF83348-0872-3F46-9880-0724C42F31A8}
		{BA9D0097-ED1A-3AA9-9CE8-CB060D9E1D62} = {BA9D0097-ED1A-3AA9-9CE8-CB060D9E1D62}
		{AE55B373-4E70-3C74-A159-4BD9BF4A4450} = {AE55B373-4E70-3C74-A159-4BD9BF4A4450}
		{73E624F0-4911-3739-B9E2-A3EB763607D4} = {73E624F0-4911-3739-B9E2-A3EB763607D4}
	EndProjectSection
EndProject
Project("{8BC9CEB8-8B4A-11D0-8D11-00A0C91BC942}") = "Half", "Half\Half.vcxproj", "{F92D931B-7109-38FF-B82F-A20698117D00}"
	ProjectSection(ProjectDependencies) = postProject
		{BA9D0097-ED1A-3AA9-9CE8-CB060D9E1D62} = {BA9D0097-ED1A-3AA9-9CE8-CB060D9E1D62}
		{AE55B373-4E70-3C74-A159-4BD9BF4A4450} = {AE55B373-4E70-3C74-A159-4BD9BF4A4450}
		{73E624F0-4911-3739-B9E2-A3EB763607D4} = {73E624F0-4911-3739-B9E2-A3EB763607D4}
	EndProjectSection
EndProject
Project("{8BC9CEB8-8B4A-11D0-8D11-00A0C91BC942}") = "INSTALL", "INSTALL.vcxproj", "{CE26234C-7EDF-3FA5-AA7B-039E0C26398F}"
	ProjectSection(ProjectDependencies) = postProject
		{E83CE857-57CC-3047-8B44-8330E9164931} = {E83CE857-57CC-3047-8B44-8330E9164931}
		{BA9D0097-ED1A-3AA9-9CE8-CB060D9E1D62} = {BA9D0097-ED1A-3AA9-9CE8-CB060D9E1D62}
	EndProjectSection
EndProject
Project("{8BC9CEB8-8B4A-11D0-8D11-00A0C91BC942}") = "Iex", "Iex\Iex.vcxproj", "{65B7E1BB-1A8F-3CBE-BB7F-E80CFE7BB7CF}"
	ProjectSection(ProjectDependencies) = postProject
		{BA9D0097-ED1A-3AA9-9CE8-CB060D9E1D62} = {BA9D0097-ED1A-3AA9-9CE8-CB060D9E1D62}
	EndProjectSection
EndProject
Project("{8BC9CEB8-8B4A-11D0-8D11-00A0C91BC942}") = "IexMath", "IexMath\IexMath.vcxproj", "{D9552CCE-E958-3B35-BDBF-468F19E1440F}"
	ProjectSection(ProjectDependencies) = postProject
		{65B7E1BB-1A8F-3CBE-BB7F-E80CFE7BB7CF} = {65B7E1BB-1A8F-3CBE-BB7F-E80CFE7BB7CF}
		{BA9D0097-ED1A-3AA9-9CE8-CB060D9E1D62} = {BA9D0097-ED1A-3AA9-9CE8-CB060D9E1D62}
	EndProjectSection
EndProject
Project("{8BC9CEB8-8B4A-11D0-8D11-00A0C91BC942}") = "IlmThread", "IlmThread\IlmThread.vcxproj", "{4B130627-9C63-3706-9527-715B93DA63AB}"
	ProjectSection(ProjectDependencies) = postProject
		{65B7E1BB-1A8F-3CBE-BB7F-E80CFE7BB7CF} = {65B7E1BB-1A8F-3CBE-BB7F-E80CFE7BB7CF}
		{BA9D0097-ED1A-3AA9-9CE8-CB060D9E1D62} = {BA9D0097-ED1A-3AA9-9CE8-CB060D9E1D62}
	EndProjectSection
EndProject
Project("{8BC9CEB8-8B4A-11D0-8D11-00A0C91BC942}") = "Imath", "Imath\Imath.vcxproj", "{FEF83348-0872-3F46-9880-0724C42F31A8}"
	ProjectSection(ProjectDependencies) = postProject
		{65B7E1BB-1A8F-3CBE-BB7F-E80CFE7BB7CF} = {65B7E1BB-1A8F-3CBE-BB7F-E80CFE7BB7CF}
		{BA9D0097-ED1A-3AA9-9CE8-CB060D9E1D62} = {BA9D0097-ED1A-3AA9-9CE8-CB060D9E1D62}
	EndProjectSection
EndProject
Project("{8BC9CEB8-8B4A-11D0-8D11-00A0C91BC942}") = "PACKAGE", "PACKAGE.vcxproj", "{0CE570C1-E447-3D37-AE56-9D2A95934758}"
	ProjectSection(ProjectDependencies) = postProject
		{E83CE857-57CC-3047-8B44-8330E9164931} = {E83CE857-57CC-3047-8B44-8330E9164931}
		{BA9D0097-ED1A-3AA9-9CE8-CB060D9E1D62} = {BA9D0097-ED1A-3AA9-9CE8-CB060D9E1D62}
	EndProjectSection
EndProject
Project("{8BC9CEB8-8B4A-11D0-8D11-00A0C91BC942}") = "ZERO_CHECK", "..\..\..\\ZERO_CHECK.vcxproj", "{BA9D0097-ED1A-3AA9-9CE8-CB060D9E1D62}"
	ProjectSection(ProjectDependencies) = postProject
	EndProjectSection
EndProject
Project("{8BC9CEB8-8B4A-11D0-8D11-00A0C91BC942}") = "eLut", "Half\eLut.vcxproj", "{AE55B373-4E70-3C74-A159-4BD9BF4A4450}"
	ProjectSection(ProjectDependencies) = postProject
		{BA9D0097-ED1A-3AA9-9CE8-CB060D9E1D62} = {BA9D0097-ED1A-3AA9-9CE8-CB060D9E1D62}
	EndProjectSection
EndProject
Project("{8BC9CEB8-8B4A-11D0-8D11-00A0C91BC942}") = "toFloat", "Half\toFloat.vcxproj", "{73E624F0-4911-3739-B9E2-A3EB763607D4}"
	ProjectSection(ProjectDependencies) = postProject
		{BA9D0097-ED1A-3AA9-9CE8-CB060D9E1D62} = {BA9D0097-ED1A-3AA9-9CE8-CB060D9E1D62}
	EndProjectSection
EndProject
Global
	GlobalSection(SolutionConfigurationPlatforms) = preSolution
		Debug|x64 = Debug|x64
		Release|x64 = Release|x64
		MinSizeRel|x64 = MinSizeRel|x64
		RelWithDebInfo|x64 = RelWithDebInfo|x64
	EndGlobalSection
	GlobalSection(ProjectConfigurationPlatforms) = postSolution
		{E83CE857-57CC-3047-8B44-8330E9164931}.Debug|x64.ActiveCfg = Debug|x64
		{E83CE857-57CC-3047-8B44-8330E9164931}.Debug|x64.Build.0 = Debug|x64
		{E83CE857-57CC-3047-8B44-8330E9164931}.Release|x64.ActiveCfg = Release|x64
		{E83CE857-57CC-3047-8B44-8330E9164931}.Release|x64.Build.0 = Release|x64
		{E83CE857-57CC-3047-8B44-8330E9164931}.MinSizeRel|x64.ActiveCfg = MinSizeRel|x64
		{E83CE857-57CC-3047-8B44-8330E9164931}.MinSizeRel|x64.Build.0 = MinSizeRel|x64
		{E83CE857-57CC-3047-8B44-8330E9164931}.RelWithDebInfo|x64.ActiveCfg = RelWithDebInfo|x64
		{E83CE857-57CC-3047-8B44-8330E9164931}.RelWithDebInfo|x64.Build.0 = RelWithDebInfo|x64
		{F92D931B-7109-38FF-B82F-A20698117D00}.Debug|x64.ActiveCfg = Debug|x64
		{F92D931B-7109-38FF-B82F-A20698117D00}.Debug|x64.Build.0 = Debug|x64
		{F92D931B-7109-38FF-B82F-A20698117D00}.Release|x64.ActiveCfg = Release|x64
		{F92D931B-7109-38FF-B82F-A20698117D00}.Release|x64.Build.0 = Release|x64
		{F92D931B-7109-38FF-B82F-A20698117D00}.MinSizeRel|x64.ActiveCfg = MinSizeRel|x64
		{F92D931B-7109-38FF-B82F-A20698117D00}.MinSizeRel|x64.Build.0 = MinSizeRel|x64
		{F92D931B-7109-38FF-B82F-A20698117D00}.RelWithDebInfo|x64.ActiveCfg = RelWithDebInfo|x64
		{F92D931B-7109-38FF-B82F-A20698117D00}.RelWithDebInfo|x64.Build.0 = RelWithDebInfo|x64
		{CE26234C-7EDF-3FA5-AA7B-039E0C26398F}.Debug|x64.ActiveCfg = Debug|x64
		{CE26234C-7EDF-3FA5-AA7B-039E0C26398F}.Release|x64.ActiveCfg = Release|x64
		{CE26234C-7EDF-3FA5-AA7B-039E0C26398F}.MinSizeRel|x64.ActiveCfg = MinSizeRel|x64
		{CE26234C-7EDF-3FA5-AA7B-039E0C26398F}.RelWithDebInfo|x64.ActiveCfg = RelWithDebInfo|x64
		{65B7E1BB-1A8F-3CBE-BB7F-E80CFE7BB7CF}.Debug|x64.ActiveCfg = Debug|x64
		{65B7E1BB-1A8F-3CBE-BB7F-E80CFE7BB7CF}.Debug|x64.Build.0 = Debug|x64
		{65B7E1BB-1A8F-3CBE-BB7F-E80CFE7BB7CF}.Release|x64.ActiveCfg = Release|x64
		{65B7E1BB-1A8F-3CBE-BB7F-E80CFE7BB7CF}.Release|x64.Build.0 = Release|x64
		{65B7E1BB-1A8F-3CBE-BB7F-E80CFE7BB7CF}.MinSizeRel|x64.ActiveCfg = MinSizeRel|x64
		{65B7E1BB-1A8F-3CBE-BB7F-E80CFE7BB7CF}.MinSizeRel|x64.Build.0 = MinSizeRel|x64
		{65B7E1BB-1A8F-3CBE-BB7F-E80CFE7BB7CF}.RelWithDebInfo|x64.ActiveCfg = RelWithDebInfo|x64
		{65B7E1BB-1A8F-3CBE-BB7F-E80CFE7BB7CF}.RelWithDebInfo|x64.Build.0 = RelWithDebInfo|x64
		{D9552CCE-E958-3B35-BDBF-468F19E1440F}.Debug|x64.ActiveCfg = Debug|x64
		{D9552CCE-E958-3B35-BDBF-468F19E1440F}.Debug|x64.Build.0 = Debug|x64
		{D9552CCE-E958-3B35-BDBF-468F19E1440F}.Release|x64.ActiveCfg = Release|x64
		{D9552CCE-E958-3B35-BDBF-468F19E1440F}.Release|x64.Build.0 = Release|x64
		{D9552CCE-E958-3B35-BDBF-468F19E1440F}.MinSizeRel|x64.ActiveCfg = MinSizeRel|x64
		{D9552CCE-E958-3B35-BDBF-468F19E1440F}.MinSizeRel|x64.Build.0 = MinSizeRel|x64
		{D9552CCE-E958-3B35-BDBF-468F19E1440F}.RelWithDebInfo|x64.ActiveCfg = RelWithDebInfo|x64
		{D9552CCE-E958-3B35-BDBF-468F19E1440F}.RelWithDebInfo|x64.Build.0 = RelWithDebInfo|x64
		{4B130627-9C63-3706-9527-715B93DA63AB}.Debug|x64.ActiveCfg = Debug|x64
		{4B130627-9C63-3706-9527-715B93DA63AB}.Debug|x64.Build.0 = Debug|x64
		{4B130627-9C63-3706-9527-715B93DA63AB}.Release|x64.ActiveCfg = Release|x64
		{4B130627-9C63-3706-9527-715B93DA63AB}.Release|x64.Build.0 = Release|x64
		{4B130627-9C63-3706-9527-715B93DA63AB}.MinSizeRel|x64.ActiveCfg = MinSizeRel|x64
		{4B130627-9C63-3706-9527-715B93DA63AB}.MinSizeRel|x64.Build.0 = MinSizeRel|x64
		{4B130627-9C63-3706-9527-715B93DA63AB}.RelWithDebInfo|x64.ActiveCfg = RelWithDebInfo|x64
		{4B130627-9C63-3706-9527-715B93DA63AB}.RelWithDebInfo|x64.Build.0 = RelWithDebInfo|x64
		{FEF83348-0872-3F46-9880-0724C42F31A8}.Debug|x64.ActiveCfg = Debug|x64
		{FEF83348-0872-3F46-9880-0724C42F31A8}.Debug|x64.Build.0 = Debug|x64
		{FEF83348-0872-3F46-9880-0724C42F31A8}.Release|x64.ActiveCfg = Release|x64
		{FEF83348-0872-3F46-9880-0724C42F31A8}.Release|x64.Build.0 = Release|x64
		{FEF83348-0872-3F46-9880-0724C42F31A8}.MinSizeRel|x64.ActiveCfg = MinSizeRel|x64
		{FEF83348-0872-3F46-9880-0724C42F31A8}.MinSizeRel|x64.Build.0 = MinSizeRel|x64
		{FEF83348-0872-3F46-9880-0724C42F31A8}.RelWithDebInfo|x64.ActiveCfg = RelWithDebInfo|x64
		{FEF83348-0872-3F46-9880-0724C42F31A8}.RelWithDebInfo|x64.Build.0 = RelWithDebInfo|x64
		{0CE570C1-E447-3D37-AE56-9D2A95934758}.Debug|x64.ActiveCfg = Debug|x64
		{0CE570C1-E447-3D37-AE56-9D2A95934758}.Release|x64.ActiveCfg = Release|x64
		{0CE570C1-E447-3D37-AE56-9D2A95934758}.MinSizeRel|x64.ActiveCfg = MinSizeRel|x64
		{0CE570C1-E447-3D37-AE56-9D2A95934758}.RelWithDebInfo|x64.ActiveCfg = RelWithDebInfo|x64
		{BA9D0097-ED1A-3AA9-9CE8-CB060D9E1D62}.Debug|x64.ActiveCfg = Debug|x64
		{BA9D0097-ED1A-3AA9-9CE8-CB060D9E1D62}.Debug|x64.Build.0 = Debug|x64
		{BA9D0097-ED1A-3AA9-9CE8-CB060D9E1D62}.Release|x64.ActiveCfg = Release|x64
		{BA9D0097-ED1A-3AA9-9CE8-CB060D9E1D62}.Release|x64.Build.0 = Release|x64
		{BA9D0097-ED1A-3AA9-9CE8-CB060D9E1D62}.MinSizeRel|x64.ActiveCfg = MinSizeRel|x64
		{BA9D0097-ED1A-3AA9-9CE8-CB060D9E1D62}.MinSizeRel|x64.Build.0 = MinSizeRel|x64
		{BA9D0097-ED1A-3AA9-9CE8-CB060D9E1D62}.RelWithDebInfo|x64.ActiveCfg = RelWithDebInfo|x64
		{BA9D0097-ED1A-3AA9-9CE8-CB060D9E1D62}.RelWithDebInfo|x64.Build.0 = RelWithDebInfo|x64
		{AE55B373-4E70-3C74-A159-4BD9BF4A4450}.Debug|x64.ActiveCfg = Debug|x64
		{AE55B373-4E70-3C74-A159-4BD9BF4A4450}.Debug|x64.Build.0 = Debug|x64
		{AE55B373-4E70-3C74-A159-4BD9BF4A4450}.Release|x64.ActiveCfg = Release|x64
		{AE55B373-4E70-3C74-A159-4BD9BF4A4450}.Release|x64.Build.0 = Release|x64
		{AE55B373-4E70-3C74-A159-4BD9BF4A4450}.MinSizeRel|x64.ActiveCfg = MinSizeRel|x64
		{AE55B373-4E70-3C74-A159-4BD9BF4A4450}.MinSizeRel|x64.Build.0 = MinSizeRel|x64
		{AE55B373-4E70-3C74-A159-4BD9BF4A4450}.RelWithDebInfo|x64.ActiveCfg = RelWithDebInfo|x64
		{AE55B373-4E70-3C74-A159-4BD9BF4A4450}.RelWithDebInfo|x64.Build.0 = RelWithDebInfo|x64
		{73E624F0-4911-3739-B9E2-A3EB763607D4}.Debug|x64.ActiveCfg = Debug|x64
		{73E624F0-4911-3739-B9E2-A3EB763607D4}.Debug|x64.Build.0 = Debug|x64
		{73E624F0-4911-3739-B9E2-A3EB763607D4}.Release|x64.ActiveCfg = Release|x64
		{73E624F0-4911-3739-B9E2-A3EB763607D4}.Release|x64.Build.0 = Release|x64
		{73E624F0-4911-3739-B9E2-A3EB763607D4}.MinSizeRel|x64.ActiveCfg = MinSizeRel|x64
		{73E624F0-4911-3739-B9E2-A3EB763607D4}.MinSizeRel|x64.Build.0 = MinSizeRel|x64
		{73E624F0-4911-3739-B9E2-A3EB763607D4}.RelWithDebInfo|x64.ActiveCfg = RelWithDebInfo|x64
		{73E624F0-4911-3739-B9E2-A3EB763607D4}.RelWithDebInfo|x64.Build.0 = RelWithDebInfo|x64
	EndGlobalSection
	GlobalSection(NestedProjects) = preSolution
		{E83CE857-57CC-3047-8B44-8330E9164931} = {BFEB3FAB-970A-3DD9-96EC-549E8E37F998}
		{CE26234C-7EDF-3FA5-AA7B-039E0C26398F} = {BFEB3FAB-970A-3DD9-96EC-549E8E37F998}
		{0CE570C1-E447-3D37-AE56-9D2A95934758} = {BFEB3FAB-970A-3DD9-96EC-549E8E37F998}
		{BA9D0097-ED1A-3AA9-9CE8-CB060D9E1D62} = {BFEB3FAB-970A-3DD9-96EC-549E8E37F998}
		{F92D931B-7109-38FF-B82F-A20698117D00} = {4115FC65-3D50-3DEF-962D-3B38C9B7F331}
		{65B7E1BB-1A8F-3CBE-BB7F-E80CFE7BB7CF} = {4115FC65-3D50-3DEF-962D-3B38C9B7F331}
		{D9552CCE-E958-3B35-BDBF-468F19E1440F} = {4115FC65-3D50-3DEF-962D-3B38C9B7F331}
		{4B130627-9C63-3706-9527-715B93DA63AB} = {4115FC65-3D50-3DEF-962D-3B38C9B7F331}
		{FEF83348-0872-3F46-9880-0724C42F31A8} = {4115FC65-3D50-3DEF-962D-3B38C9B7F331}
		{AE55B373-4E70-3C74-A159-4BD9BF4A4450} = {4115FC65-3D50-3DEF-962D-3B38C9B7F331}
		{73E624F0-4911-3739-B9E2-A3EB763607D4} = {4115FC65-3D50-3DEF-962D-3B38C9B7F331}
	EndGlobalSection
	GlobalSection(ExtensibilityGlobals) = postSolution
		SolutionGuid = {4E45C3A8-51DE-33C7-BC93-5E27267B0DA4}
	EndGlobalSection
	GlobalSection(ExtensibilityAddIns) = postSolution
	EndGlobalSection
EndGlobal
