<?xml version="1.0" encoding="utf-8"?>
<Project ToolsVersion="16.0" xmlns="http://schemas.microsoft.com/developer/msbuild/2003">
  <ItemGroup>
    <ClCompile Include="C:\Users\creat\OneDrive\Desktop\codey\school\uci\fall2020\cs112\nori_codebase\nori\ext\zlib\adler32.c">
      <Filter>Source Files</Filter>
    </ClCompile>
    <ClCompile Include="C:\Users\creat\OneDrive\Desktop\codey\school\uci\fall2020\cs112\nori_codebase\nori\ext\zlib\compress.c">
      <Filter>Source Files</Filter>
    </ClCompile>
    <ClCompile Include="C:\Users\creat\OneDrive\Desktop\codey\school\uci\fall2020\cs112\nori_codebase\nori\ext\zlib\crc32.c">
      <Filter>Source Files</Filter>
    </ClCompile>
    <ClCompile Include="C:\Users\creat\OneDrive\Desktop\codey\school\uci\fall2020\cs112\nori_codebase\nori\ext\zlib\deflate.c">
      <Filter>Source Files</Filter>
    </ClCompile>
    <ClCompile Include="C:\Users\creat\OneDrive\Desktop\codey\school\uci\fall2020\cs112\nori_codebase\nori\ext\zlib\gzclose.c">
      <Filter>Source Files</Filter>
    </ClCompile>
    <ClCompile Include="C:\Users\creat\OneDrive\Desktop\codey\school\uci\fall2020\cs112\nori_codebase\nori\ext\zlib\gzlib.c">
      <Filter>Source Files</Filter>
    </ClCompile>
    <ClCompile Include="C:\Users\creat\OneDrive\Desktop\codey\school\uci\fall2020\cs112\nori_codebase\nori\ext\zlib\gzread.c">
      <Filter>Source Files</Filter>
    </ClCompile>
    <ClCompile Include="C:\Users\creat\OneDrive\Desktop\codey\school\uci\fall2020\cs112\nori_codebase\nori\ext\zlib\gzwrite.c">
      <Filter>Source Files</Filter>
    </ClCompile>
    <ClCompile Include="C:\Users\creat\OneDrive\Desktop\codey\school\uci\fall2020\cs112\nori_codebase\nori\ext\zlib\inflate.c">
      <Filter>Source Files</Filter>
    </ClCompile>
    <ClCompile Include="C:\Users\creat\OneDrive\Desktop\codey\school\uci\fall2020\cs112\nori_codebase\nori\ext\zlib\infback.c">
      <Filter>Source Files</Filter>
    </ClCompile>
    <ClCompile Include="C:\Users\creat\OneDrive\Desktop\codey\school\uci\fall2020\cs112\nori_codebase\nori\ext\zlib\inftrees.c">
      <Filter>Source Files</Filter>
    </ClCompile>
    <ClCompile Include="C:\Users\creat\OneDrive\Desktop\codey\school\uci\fall2020\cs112\nori_codebase\nori\ext\zlib\inffast.c">
      <Filter>Source Files</Filter>
    </ClCompile>
    <ClCompile Include="C:\Users\creat\OneDrive\Desktop\codey\school\uci\fall2020\cs112\nori_codebase\nori\ext\zlib\trees.c">
      <Filter>Source Files</Filter>
    </ClCompile>
    <ClCompile Include="C:\Users\creat\OneDrive\Desktop\codey\school\uci\fall2020\cs112\nori_codebase\nori\ext\zlib\uncompr.c">
      <Filter>Source Files</Filter>
    </ClCompile>
    <ClCompile Include="C:\Users\creat\OneDrive\Desktop\codey\school\uci\fall2020\cs112\nori_codebase\nori\ext\zlib\zutil.c">
      <Filter>Source Files</Filter>
    </ClCompile>
  </ItemGroup>
  <ItemGroup>
    <ClInclude Include="C:\Users\creat\OneDrive\Desktop\codey\school\uci\fall2020\cs112\pa3\ext_build\zlib\zconf.h">
      <Filter>Header Files</Filter>
    </ClInclude>
    <ClInclude Include="C:\Users\creat\OneDrive\Desktop\codey\school\uci\fall2020\cs112\nori_codebase\nori\ext\zlib\zlib.h">
      <Filter>Header Files</Filter>
    </ClInclude>
    <ClInclude Include="C:\Users\creat\OneDrive\Desktop\codey\school\uci\fall2020\cs112\nori_codebase\nori\ext\zlib\crc32.h">
      <Filter>Header Files</Filter>
    </ClInclude>
    <ClInclude Include="C:\Users\creat\OneDrive\Desktop\codey\school\uci\fall2020\cs112\nori_codebase\nori\ext\zlib\deflate.h">
      <Filter>Header Files</Filter>
    </ClInclude>
    <ClInclude Include="C:\Users\creat\OneDrive\Desktop\codey\school\uci\fall2020\cs112\nori_codebase\nori\ext\zlib\gzguts.h">
      <Filter>Header Files</Filter>
    </ClInclude>
    <ClInclude Include="C:\Users\creat\OneDrive\Desktop\codey\school\uci\fall2020\cs112\nori_codebase\nori\ext\zlib\inffast.h">
      <Filter>Header Files</Filter>
    </ClInclude>
    <ClInclude Include="C:\Users\creat\OneDrive\Desktop\codey\school\uci\fall2020\cs112\nori_codebase\nori\ext\zlib\inffixed.h">
      <Filter>Header Files</Filter>
    </ClInclude>
    <ClInclude Include="C:\Users\creat\OneDrive\Desktop\codey\school\uci\fall2020\cs112\nori_codebase\nori\ext\zlib\inflate.h">
      <Filter>Header Files</Filter>
    </ClInclude>
    <ClInclude Include="C:\Users\creat\OneDrive\Desktop\codey\school\uci\fall2020\cs112\nori_codebase\nori\ext\zlib\inftrees.h">
      <Filter>Header Files</Filter>
    </ClInclude>
    <ClInclude Include="C:\Users\creat\OneDrive\Desktop\codey\school\uci\fall2020\cs112\nori_codebase\nori\ext\zlib\trees.h">
      <Filter>Header Files</Filter>
    </ClInclude>
    <ClInclude Include="C:\Users\creat\OneDrive\Desktop\codey\school\uci\fall2020\cs112\nori_codebase\nori\ext\zlib\zutil.h">
      <Filter>Header Files</Filter>
    </ClInclude>
  </ItemGroup>
  <ItemGroup>
    <CustomBuild Include="C:\Users\creat\OneDrive\Desktop\codey\school\uci\fall2020\cs112\nori_codebase\nori\ext\zlib\CMakeLists.txt" />
  </ItemGroup>
  <ItemGroup>
    <Filter Include="Header Files">
      <UniqueIdentifier>{7186486C-780A-3874-A01D-7010972D2F67}</UniqueIdentifier>
    </Filter>
    <Filter Include="Source Files">
      <UniqueIdentifier>{3D07A444-1CFC-3EF4-86B9-DAEB1977E19E}</UniqueIdentifier>
    </Filter>
  </ItemGroup>
</Project>
