<?xml version="1.0" encoding="utf-8"?>
<Project ToolsVersion="16.0" xmlns="http://schemas.microsoft.com/developer/msbuild/2003">
  <ItemGroup>
    <CustomBuild Include="C:\Users\creat\OneDrive\Desktop\codey\school\uci\fall2020\cs112\pa3\CMakeFiles\769dbc4be3b35cfbe322cd988a3f61c8\INSTALL_force.rule">
      <Filter>CMake Rules</Filter>
    </CustomBuild>
  </ItemGroup>
  <ItemGroup>
    <Filter Include="CMake Rules">
      <UniqueIdentifier>{03C6B3D6-7A2A-31CC-9262-6E0123475ED9}</UniqueIdentifier>
    </Filter>
  </ItemGroup>
</Project>
