
Microsoft Visual Studio Solution File, Format Version 12.00
# Visual Studio Version 16
Project("{2150E333-8FDC-42A3-9474-1A3956D46DE8}") = "CMakePredefinedTargets", "CMakePredefinedTargets", "{BFEB3FAB-970A-3DD9-96EC-549E8E37F998}"
EndProject
Project("{2150E333-8FDC-42A3-9474-1A3956D46DE8}") = "dependencies", "dependencies", "{4115FC65-3D50-3DEF-962D-3B38C9B7F331}"
EndProject
Project("{8BC9CEB8-8B4A-11D0-8D11-00A0C91BC942}") = "ALL_BUILD", "ALL_BUILD.vcxproj", "{E83CE857-57CC-3047-8B44-8330E9164931}"
	ProjectSection(ProjectDependencies) = postProject
		{BA9D0097-ED1A-3AA9-9CE8-CB060D9E1D62} = {BA9D0097-ED1A-3AA9-9CE8-CB060D9E1D62}
		{92E0FE8B-F53A-3CEF-A931-9F37C3A3E300} = {92E0FE8B-F53A-3CEF-A931-9F37C3A3E300}
	EndProjectSection
EndProject
Project("{8BC9CEB8-8B4A-11D0-8D11-00A0C91BC942}") = "INSTALL", "INSTALL.vcxproj", "{CE26234C-7EDF-3FA5-AA7B-039E0C26398F}"
	ProjectSection(ProjectDependencies) = postProject
		{E83CE857-57CC-3047-8B44-8330E9164931} = {E83CE857-57CC-3047-8B44-8330E9164931}
		{BA9D0097-ED1A-3AA9-9CE8-CB060D9E1D62} = {BA9D0097-ED1A-3AA9-9CE8-CB060D9E1D62}
	EndProjectSection
EndProject
Project("{8BC9CEB8-8B4A-11D0-8D11-00A0C91BC942}") = "PACKAGE", "PACKAGE.vcxproj", "{0CE570C1-E447-3D37-AE56-9D2A95934758}"
	ProjectSection(ProjectDependencies) = postProject
		{E83CE857-57CC-3047-8B44-8330E9164931} = {E83CE857-57CC-3047-8B44-8330E9164931}
		{BA9D0097-ED1A-3AA9-9CE8-CB060D9E1D62} = {BA9D0097-ED1A-3AA9-9CE8-CB060D9E1D62}
	EndProjectSection
EndProject
Project("{8BC9CEB8-8B4A-11D0-8D11-00A0C91BC942}") = "ZERO_CHECK", "..\..\\ZERO_CHECK.vcxproj", "{BA9D0097-ED1A-3AA9-9CE8-CB060D9E1D62}"
	ProjectSection(ProjectDependencies) = postProject
	EndProjectSection
EndProject
Project("{8BC9CEB8-8B4A-11D0-8D11-00A0C91BC942}") = "tbb_def_files", "tbb_def_files.vcxproj", "{FBF1A42D-B570-342D-A809-6035554CFA07}"
	ProjectSection(ProjectDependencies) = postProject
		{BA9D0097-ED1A-3AA9-9CE8-CB060D9E1D62} = {BA9D0097-ED1A-3AA9-9CE8-CB060D9E1D62}
	EndProjectSection
EndProject
Project("{8BC9CEB8-8B4A-11D0-8D11-00A0C91BC942}") = "tbb_static", "tbb_static.vcxproj", "{92E0FE8B-F53A-3CEF-A931-9F37C3A3E300}"
	ProjectSection(ProjectDependencies) = postProject
		{BA9D0097-ED1A-3AA9-9CE8-CB060D9E1D62} = {BA9D0097-ED1A-3AA9-9CE8-CB060D9E1D62}
	EndProjectSection
EndProject
Global
	GlobalSection(SolutionConfigurationPlatforms) = preSolution
		Debug|x64 = Debug|x64
		Release|x64 = Release|x64
		MinSizeRel|x64 = MinSizeRel|x64
		RelWithDebInfo|x64 = RelWithDebInfo|x64
	EndGlobalSection
	GlobalSection(ProjectConfigurationPlatforms) = postSolution
		{E83CE857-57CC-3047-8B44-8330E9164931}.Debug|x64.ActiveCfg = Debug|x64
		{E83CE857-57CC-3047-8B44-8330E9164931}.Debug|x64.Build.0 = Debug|x64
		{E83CE857-57CC-3047-8B44-8330E9164931}.Release|x64.ActiveCfg = Release|x64
		{E83CE857-57CC-3047-8B44-8330E9164931}.Release|x64.Build.0 = Release|x64
		{E83CE857-57CC-3047-8B44-8330E9164931}.MinSizeRel|x64.ActiveCfg = MinSizeRel|x64
		{E83CE857-57CC-3047-8B44-8330E9164931}.MinSizeRel|x64.Build.0 = MinSizeRel|x64
		{E83CE857-57CC-3047-8B44-8330E9164931}.RelWithDebInfo|x64.ActiveCfg = RelWithDebInfo|x64
		{E83CE857-57CC-3047-8B44-8330E9164931}.RelWithDebInfo|x64.Build.0 = RelWithDebInfo|x64
		{CE26234C-7EDF-3FA5-AA7B-039E0C26398F}.Debug|x64.ActiveCfg = Debug|x64
		{CE26234C-7EDF-3FA5-AA7B-039E0C26398F}.Release|x64.ActiveCfg = Release|x64
		{CE26234C-7EDF-3FA5-AA7B-039E0C26398F}.MinSizeRel|x64.ActiveCfg = MinSizeRel|x64
		{CE26234C-7EDF-3FA5-AA7B-039E0C26398F}.RelWithDebInfo|x64.ActiveCfg = RelWithDebInfo|x64
		{0CE570C1-E447-3D37-AE56-9D2A95934758}.Debug|x64.ActiveCfg = Debug|x64
		{0CE570C1-E447-3D37-AE56-9D2A95934758}.Release|x64.ActiveCfg = Release|x64
		{0CE570C1-E447-3D37-AE56-9D2A95934758}.MinSizeRel|x64.ActiveCfg = MinSizeRel|x64
		{0CE570C1-E447-3D37-AE56-9D2A95934758}.RelWithDebInfo|x64.ActiveCfg = RelWithDebInfo|x64
		{BA9D0097-ED1A-3AA9-9CE8-CB060D9E1D62}.Debug|x64.ActiveCfg = Debug|x64
		{BA9D0097-ED1A-3AA9-9CE8-CB060D9E1D62}.Debug|x64.Build.0 = Debug|x64
		{BA9D0097-ED1A-3AA9-9CE8-CB060D9E1D62}.Release|x64.ActiveCfg = Release|x64
		{BA9D0097-ED1A-3AA9-9CE8-CB060D9E1D62}.Release|x64.Build.0 = Release|x64
		{BA9D0097-ED1A-3AA9-9CE8-CB060D9E1D62}.MinSizeRel|x64.ActiveCfg = MinSizeRel|x64
		{BA9D0097-ED1A-3AA9-9CE8-CB060D9E1D62}.MinSizeRel|x64.Build.0 = MinSizeRel|x64
		{BA9D0097-ED1A-3AA9-9CE8-CB060D9E1D62}.RelWithDebInfo|x64.ActiveCfg = RelWithDebInfo|x64
		{BA9D0097-ED1A-3AA9-9CE8-CB060D9E1D62}.RelWithDebInfo|x64.Build.0 = RelWithDebInfo|x64
		{FBF1A42D-B570-342D-A809-6035554CFA07}.Debug|x64.ActiveCfg = Debug|x64
		{FBF1A42D-B570-342D-A809-6035554CFA07}.Release|x64.ActiveCfg = Release|x64
		{FBF1A42D-B570-342D-A809-6035554CFA07}.MinSizeRel|x64.ActiveCfg = MinSizeRel|x64
		{FBF1A42D-B570-342D-A809-6035554CFA07}.RelWithDebInfo|x64.ActiveCfg = RelWithDebInfo|x64
		{92E0FE8B-F53A-3CEF-A931-9F37C3A3E300}.Debug|x64.ActiveCfg = Debug|x64
		{92E0FE8B-F53A-3CEF-A931-9F37C3A3E300}.Debug|x64.Build.0 = Debug|x64
		{92E0FE8B-F53A-3CEF-A931-9F37C3A3E300}.Release|x64.ActiveCfg = Release|x64
		{92E0FE8B-F53A-3CEF-A931-9F37C3A3E300}.Release|x64.Build.0 = Release|x64
		{92E0FE8B-F53A-3CEF-A931-9F37C3A3E300}.MinSizeRel|x64.ActiveCfg = MinSizeRel|x64
		{92E0FE8B-F53A-3CEF-A931-9F37C3A3E300}.MinSizeRel|x64.Build.0 = MinSizeRel|x64
		{92E0FE8B-F53A-3CEF-A931-9F37C3A3E300}.RelWithDebInfo|x64.ActiveCfg = RelWithDebInfo|x64
		{92E0FE8B-F53A-3CEF-A931-9F37C3A3E300}.RelWithDebInfo|x64.Build.0 = RelWithDebInfo|x64
	EndGlobalSection
	GlobalSection(NestedProjects) = preSolution
		{E83CE857-57CC-3047-8B44-8330E9164931} = {BFEB3FAB-970A-3DD9-96EC-549E8E37F998}
		{CE26234C-7EDF-3FA5-AA7B-039E0C26398F} = {BFEB3FAB-970A-3DD9-96EC-549E8E37F998}
		{0CE570C1-E447-3D37-AE56-9D2A95934758} = {BFEB3FAB-970A-3DD9-96EC-549E8E37F998}
		{BA9D0097-ED1A-3AA9-9CE8-CB060D9E1D62} = {BFEB3FAB-970A-3DD9-96EC-549E8E37F998}
		{FBF1A42D-B570-342D-A809-6035554CFA07} = {4115FC65-3D50-3DEF-962D-3B38C9B7F331}
		{92E0FE8B-F53A-3CEF-A931-9F37C3A3E300} = {4115FC65-3D50-3DEF-962D-3B38C9B7F331}
	EndGlobalSection
	GlobalSection(ExtensibilityGlobals) = postSolution
		SolutionGuid = {C62A34BC-8CA1-352A-A7F8-905946CDB8C3}
	EndGlobalSection
	GlobalSection(ExtensibilityAddIns) = postSolution
	EndGlobalSection
EndGlobal
